
Microsoft Visual Studio Solution File, Format Version 12.00
# Visual Studio Version 17
VisualStudioVersion = 17.7.34221.43
MinimumVisualStudioVersion = 10.0.40219.1
Project("{FAE04EC0-301F-11D3-BF4B-00C04F79EFBC}") = "GCF", "GCF\GCF.csproj", "{3FFBA3DB-3B7B-481A-B714-33E82294F700}"
EndProject
Global
	GlobalSection(SolutionConfigurationPlatforms) = preSolution
		Debug|Any CPU = Debug|Any CPU
		Release|Any CPU = Release|Any CPU
	EndGlobalSection
	GlobalSection(ProjectConfigurationPlatforms) = postSolution
		{3FFBA3DB-3B7B-481A-B714-33E82294F700}.Debug|Any CPU.ActiveCfg = Debug|Any CPU
		{3FFBA3DB-3B7B-481A-B714-33E82294F700}.Debug|Any CPU.Build.0 = Debug|Any CPU
		{3FFBA3DB-3B7B-481A-B714-33E82294F700}.Release|Any CPU.ActiveCfg = Release|Any CPU
		{3FFBA3DB-3B7B-481A-B714-33E82294F700}.Release|Any CPU.Build.0 = Release|Any CPU
	EndGlobalSection
	GlobalSection(SolutionProperties) = preSolution
		HideSolutionNode = FALSE
	EndGlobalSection
	GlobalSection(ExtensibilityGlobals) = postSolution
		SolutionGuid = {B8181780-E3F4-424F-AD44-9A725D688C35}
	EndGlobalSection
EndGlobal
